// !$*UTF8*$!
{
	archiveVersion = 1;
	classes = {
	};
	objectVersion = 51;
	objects = {

/* Begin PBXBuildFile section */
		2FBE755127C2518B57DBFBEA /* Pods_VKapp.framework in Frameworks */ = {isa = PBXBuildFile; fileRef = CBC18D0088BC5CF49B2EF79C /* Pods_VKapp.framework */; };
		B403ADB522FEDB0800254E26 /* Session.swift in Sources */ = {isa = PBXBuildFile; fileRef = B403ADB422FEDB0800254E26 /* Session.swift */; };
		B41543B522CF58560056B2DC /* FriendsTableView.swift in Sources */ = {isa = PBXBuildFile; fileRef = B41543B422CF58560056B2DC /* FriendsTableView.swift */; };
		B41543B722CFDA5B0056B2DC /* GroupsTableView.swift in Sources */ = {isa = PBXBuildFile; fileRef = B41543B622CFDA5B0056B2DC /* GroupsTableView.swift */; };
		B41543B922D082FF0056B2DC /* UserGroupsTableView.swift in Sources */ = {isa = PBXBuildFile; fileRef = B41543B822D082FF0056B2DC /* UserGroupsTableView.swift */; };
		B41543BB22D089560056B2DC /* CollectionCell.swift in Sources */ = {isa = PBXBuildFile; fileRef = B41543BA22D089560056B2DC /* CollectionCell.swift */; };
		B41543BD22D0898C0056B2DC /* UserImagesView.swift in Sources */ = {isa = PBXBuildFile; fileRef = B41543BC22D0898C0056B2DC /* UserImagesView.swift */; };
		B41543BF22D08EB80056B2DC /* User.swift in Sources */ = {isa = PBXBuildFile; fileRef = B41543BE22D08EB80056B2DC /* User.swift */; };
		B41543C122D08F210056B2DC /* Group.swift in Sources */ = {isa = PBXBuildFile; fileRef = B41543C022D08F210056B2DC /* Group.swift */; };
		B41CF43122E0597200CD50C5 /* AvatarImage.swift in Sources */ = {isa = PBXBuildFile; fileRef = B41CF43022E0597200CD50C5 /* AvatarImage.swift */; };
		B41CF43322E0598100CD50C5 /* AvatarBackShadow.swift in Sources */ = {isa = PBXBuildFile; fileRef = B41CF43222E0598100CD50C5 /* AvatarBackShadow.swift */; };
		B41CF43922E05AAF00CD50C5 /* GradientForViews.swift in Sources */ = {isa = PBXBuildFile; fileRef = B41CF43822E05AAF00CD50C5 /* GradientForViews.swift */; };
		B41CF43C22E0684600CD50C5 /* MainTableCell.swift in Sources */ = {isa = PBXBuildFile; fileRef = B41CF43A22E0684600CD50C5 /* MainTableCell.swift */; };
		B41CF43D22E0684600CD50C5 /* MainTableCell.xib in Resources */ = {isa = PBXBuildFile; fileRef = B41CF43B22E0684600CD50C5 /* MainTableCell.xib */; };
		B41CF43F22E4AEA400CD50C5 /* inside.storyboard in Resources */ = {isa = PBXBuildFile; fileRef = B41CF43E22E4AEA400CD50C5 /* inside.storyboard */; };
		B41E0AD822FAC5AA0046527F /* AnimatedLoadings.swift in Sources */ = {isa = PBXBuildFile; fileRef = B41E0AD722FAC5AA0046527F /* AnimatedLoadings.swift */; };
		B41E0ADA22FAC96A0046527F /* ScaleUpAnimator.swift in Sources */ = {isa = PBXBuildFile; fileRef = B41E0AD922FAC96A0046527F /* ScaleUpAnimator.swift */; };
		B455572722ECBF5B0024BA97 /* ImagesInsideNews.swift in Sources */ = {isa = PBXBuildFile; fileRef = B455572622ECBF5B0024BA97 /* ImagesInsideNews.swift */; };
		B455572922ECEF1B0024BA97 /* LayoutForCollection.swift in Sources */ = {isa = PBXBuildFile; fileRef = B455572822ECEF1B0024BA97 /* LayoutForCollection.swift */; };
		B470FC9B22F432C000C15FEB /* CustomNavigationController.swift in Sources */ = {isa = PBXBuildFile; fileRef = B470FC9A22F432C000C15FEB /* CustomNavigationController.swift */; };
		B470FC9D22F4348000C15FEB /* CustomNavShow+Back.swift in Sources */ = {isa = PBXBuildFile; fileRef = B470FC9C22F4348000C15FEB /* CustomNavShow+Back.swift */; };
		B48B34872324F87500804DF3 /* String+Ext.swift in Sources */ = {isa = PBXBuildFile; fileRef = B48B34862324F87500804DF3 /* String+Ext.swift */; };
		B48B348923250BFA00804DF3 /* Date+Ext.swift in Sources */ = {isa = PBXBuildFile; fileRef = B48B348823250BFA00804DF3 /* Date+Ext.swift */; };
		B48C386122CCBE70001D9232 /* Main.storyboard in Resources */ = {isa = PBXBuildFile; fileRef = B48C385F22CCBE70001D9232 /* Main.storyboard */; };
		B499CF3B22DF442800EE232E /* CollectionImage.swift in Sources */ = {isa = PBXBuildFile; fileRef = B499CF3A22DF442800EE232E /* CollectionImage.swift */; };
		B499CF3D22DF550B00EE232E /* SelectedImageView.swift in Sources */ = {isa = PBXBuildFile; fileRef = B499CF3C22DF550B00EE232E /* SelectedImageView.swift */; };
		B4A9BCE122EB7E9300A43CAF /* News.swift in Sources */ = {isa = PBXBuildFile; fileRef = B4A9BCE022EB7E9300A43CAF /* News.swift */; };
		B4A9BCE422EB866100A43CAF /* NewsCell.swift in Sources */ = {isa = PBXBuildFile; fileRef = B4A9BCE222EB866100A43CAF /* NewsCell.swift */; };
		B4A9BCE522EB866100A43CAF /* NewsCell.xib in Resources */ = {isa = PBXBuildFile; fileRef = B4A9BCE322EB866100A43CAF /* NewsCell.xib */; };
		B4AE9ACC22C49DE30005822D /* AppDelegate.swift in Sources */ = {isa = PBXBuildFile; fileRef = B4AE9ACB22C49DE30005822D /* AppDelegate.swift */; };
		B4AE9ACE22C49DE30005822D /* LoginControllerView.swift in Sources */ = {isa = PBXBuildFile; fileRef = B4AE9ACD22C49DE30005822D /* LoginControllerView.swift */; };
		B4AE9AD322C49DE50005822D /* Assets.xcassets in Resources */ = {isa = PBXBuildFile; fileRef = B4AE9AD222C49DE50005822D /* Assets.xcassets */; };
		B4AE9AD622C49DE50005822D /* LaunchScreen.storyboard in Resources */ = {isa = PBXBuildFile; fileRef = B4AE9AD422C49DE50005822D /* LaunchScreen.storyboard */; };
		B4B76D6D23054D2500432A6B /* LoginVK.storyboard in Resources */ = {isa = PBXBuildFile; fileRef = B4B76D6C23054D2500432A6B /* LoginVK.storyboard */; };
		B4B76D6F23054D5300432A6B /* LoginVK.swift in Sources */ = {isa = PBXBuildFile; fileRef = B4B76D6E23054D5300432A6B /* LoginVK.swift */; };
		B4CB9794230938A300B31527 /* NetworkService.swift in Sources */ = {isa = PBXBuildFile; fileRef = B4CB9793230938A300B31527 /* NetworkService.swift */; };
		B4CB9796230D799600B31527 /* WebKit.framework in Frameworks */ = {isa = PBXBuildFile; fileRef = B4CB9795230D799600B31527 /* WebKit.framework */; };
		B4CB97982312750400B31527 /* Photo.swift in Sources */ = {isa = PBXBuildFile; fileRef = B4CB97972312750400B31527 /* Photo.swift */; };
		B4CB979A231A481D00B31527 /* RealmProvider.swift in Sources */ = {isa = PBXBuildFile; fileRef = B4CB9799231A481C00B31527 /* RealmProvider.swift */; };
		B4CB979D231E4C9C00B31527 /* UIViewController+Ext.swift in Sources */ = {isa = PBXBuildFile; fileRef = B4CB979C231E4C9C00B31527 /* UIViewController+Ext.swift */; };
		B4CB97A0231E51E600B31527 /* UITableView+Ext.swift in Sources */ = {isa = PBXBuildFile; fileRef = B4CB979F231E51E500B31527 /* UITableView+Ext.swift */; };
		B4CB97A22324E51100B31527 /* GoogleService-Info.plist in Resources */ = {isa = PBXBuildFile; fileRef = B4CB97A12324E51100B31527 /* GoogleService-Info.plist */; };
		B4F38D6922E74ED3006210F3 /* NewsTableView.swift in Sources */ = {isa = PBXBuildFile; fileRef = B4F38D6822E74ED3006210F3 /* NewsTableView.swift */; };
/* End PBXBuildFile section */

/* Begin PBXFileReference section */
		19B27BC74F4A9EF9EAE353A8 /* Pods-VKapp.release.xcconfig */ = {isa = PBXFileReference; includeInIndex = 1; lastKnownFileType = text.xcconfig; name = "Pods-VKapp.release.xcconfig"; path = "Target Support Files/Pods-VKapp/Pods-VKapp.release.xcconfig"; sourceTree = "<group>"; };
		76986B89455EB44E9EBB10EA /* Pods-VKapp.debug.xcconfig */ = {isa = PBXFileReference; includeInIndex = 1; lastKnownFileType = text.xcconfig; name = "Pods-VKapp.debug.xcconfig"; path = "Target Support Files/Pods-VKapp/Pods-VKapp.debug.xcconfig"; sourceTree = "<group>"; };
		B403ADB422FEDB0800254E26 /* Session.swift */ = {isa = PBXFileReference; lastKnownFileType = sourcecode.swift; path = Session.swift; sourceTree = "<group>"; };
		B41543B422CF58560056B2DC /* FriendsTableView.swift */ = {isa = PBXFileReference; lastKnownFileType = sourcecode.swift; path = FriendsTableView.swift; sourceTree = "<group>"; };
		B41543B622CFDA5B0056B2DC /* GroupsTableView.swift */ = {isa = PBXFileReference; lastKnownFileType = sourcecode.swift; path = GroupsTableView.swift; sourceTree = "<group>"; };
		B41543B822D082FF0056B2DC /* UserGroupsTableView.swift */ = {isa = PBXFileReference; lastKnownFileType = sourcecode.swift; path = UserGroupsTableView.swift; sourceTree = "<group>"; };
		B41543BA22D089560056B2DC /* CollectionCell.swift */ = {isa = PBXFileReference; lastKnownFileType = sourcecode.swift; path = CollectionCell.swift; sourceTree = "<group>"; };
		B41543BC22D0898C0056B2DC /* UserImagesView.swift */ = {isa = PBXFileReference; lastKnownFileType = sourcecode.swift; path = UserImagesView.swift; sourceTree = "<group>"; };
		B41543BE22D08EB80056B2DC /* User.swift */ = {isa = PBXFileReference; lastKnownFileType = sourcecode.swift; path = User.swift; sourceTree = "<group>"; };
		B41543C022D08F210056B2DC /* Group.swift */ = {isa = PBXFileReference; lastKnownFileType = sourcecode.swift; path = Group.swift; sourceTree = "<group>"; };
		B41CF43022E0597200CD50C5 /* AvatarImage.swift */ = {isa = PBXFileReference; fileEncoding = 4; lastKnownFileType = sourcecode.swift; path = AvatarImage.swift; sourceTree = "<group>"; };
		B41CF43222E0598100CD50C5 /* AvatarBackShadow.swift */ = {isa = PBXFileReference; fileEncoding = 4; lastKnownFileType = sourcecode.swift; path = AvatarBackShadow.swift; sourceTree = "<group>"; };
		B41CF43822E05AAF00CD50C5 /* GradientForViews.swift */ = {isa = PBXFileReference; fileEncoding = 4; lastKnownFileType = sourcecode.swift; path = GradientForViews.swift; sourceTree = "<group>"; };
		B41CF43A22E0684600CD50C5 /* MainTableCell.swift */ = {isa = PBXFileReference; lastKnownFileType = sourcecode.swift; path = MainTableCell.swift; sourceTree = "<group>"; };
		B41CF43B22E0684600CD50C5 /* MainTableCell.xib */ = {isa = PBXFileReference; lastKnownFileType = file.xib; path = MainTableCell.xib; sourceTree = "<group>"; };
		B41CF43E22E4AEA400CD50C5 /* inside.storyboard */ = {isa = PBXFileReference; lastKnownFileType = file.storyboard; path = inside.storyboard; sourceTree = "<group>"; };
		B41E0AD722FAC5AA0046527F /* AnimatedLoadings.swift */ = {isa = PBXFileReference; lastKnownFileType = sourcecode.swift; path = AnimatedLoadings.swift; sourceTree = "<group>"; };
		B41E0AD922FAC96A0046527F /* ScaleUpAnimator.swift */ = {isa = PBXFileReference; lastKnownFileType = sourcecode.swift; path = ScaleUpAnimator.swift; sourceTree = "<group>"; };
		B455572622ECBF5B0024BA97 /* ImagesInsideNews.swift */ = {isa = PBXFileReference; lastKnownFileType = sourcecode.swift; path = ImagesInsideNews.swift; sourceTree = "<group>"; };
		B455572822ECEF1B0024BA97 /* LayoutForCollection.swift */ = {isa = PBXFileReference; fileEncoding = 4; lastKnownFileType = sourcecode.swift; path = LayoutForCollection.swift; sourceTree = "<group>"; };
		B470FC9A22F432C000C15FEB /* CustomNavigationController.swift */ = {isa = PBXFileReference; lastKnownFileType = sourcecode.swift; path = CustomNavigationController.swift; sourceTree = "<group>"; };
		B470FC9C22F4348000C15FEB /* CustomNavShow+Back.swift */ = {isa = PBXFileReference; lastKnownFileType = sourcecode.swift; name = "CustomNavShow+Back.swift"; path = "VKapp/Controllers/CustomNavShow+Back.swift"; sourceTree = SOURCE_ROOT; };
		B48B34862324F87500804DF3 /* String+Ext.swift */ = {isa = PBXFileReference; lastKnownFileType = sourcecode.swift; path = "String+Ext.swift"; sourceTree = "<group>"; };
		B48B348823250BFA00804DF3 /* Date+Ext.swift */ = {isa = PBXFileReference; lastKnownFileType = sourcecode.swift; path = "Date+Ext.swift"; sourceTree = "<group>"; };
		B48C386022CCBE70001D9232 /* Base */ = {isa = PBXFileReference; lastKnownFileType = file.storyboard; name = Base; path = Base.lproj/Main.storyboard; sourceTree = "<group>"; };
		B499CF3A22DF442800EE232E /* CollectionImage.swift */ = {isa = PBXFileReference; lastKnownFileType = sourcecode.swift; path = CollectionImage.swift; sourceTree = "<group>"; };
		B499CF3C22DF550B00EE232E /* SelectedImageView.swift */ = {isa = PBXFileReference; lastKnownFileType = sourcecode.swift; path = SelectedImageView.swift; sourceTree = "<group>"; };
		B4A9BCE022EB7E9300A43CAF /* News.swift */ = {isa = PBXFileReference; lastKnownFileType = sourcecode.swift; path = News.swift; sourceTree = "<group>"; };
		B4A9BCE222EB866100A43CAF /* NewsCell.swift */ = {isa = PBXFileReference; lastKnownFileType = sourcecode.swift; path = NewsCell.swift; sourceTree = "<group>"; };
		B4A9BCE322EB866100A43CAF /* NewsCell.xib */ = {isa = PBXFileReference; lastKnownFileType = file.xib; path = NewsCell.xib; sourceTree = "<group>"; };
		B4AE9AC822C49DE30005822D /* VKapp.app */ = {isa = PBXFileReference; explicitFileType = wrapper.application; includeInIndex = 0; path = VKapp.app; sourceTree = BUILT_PRODUCTS_DIR; };
		B4AE9ACB22C49DE30005822D /* AppDelegate.swift */ = {isa = PBXFileReference; lastKnownFileType = sourcecode.swift; path = AppDelegate.swift; sourceTree = "<group>"; };
		B4AE9ACD22C49DE30005822D /* LoginControllerView.swift */ = {isa = PBXFileReference; lastKnownFileType = sourcecode.swift; path = LoginControllerView.swift; sourceTree = "<group>"; };
		B4AE9AD222C49DE50005822D /* Assets.xcassets */ = {isa = PBXFileReference; lastKnownFileType = folder.assetcatalog; path = Assets.xcassets; sourceTree = "<group>"; };
		B4AE9AD522C49DE50005822D /* Base */ = {isa = PBXFileReference; lastKnownFileType = file.storyboard; name = Base; path = Base.lproj/LaunchScreen.storyboard; sourceTree = "<group>"; };
		B4AE9AD722C49DE50005822D /* Info.plist */ = {isa = PBXFileReference; lastKnownFileType = text.plist.xml; path = Info.plist; sourceTree = "<group>"; };
		B4B76D6C23054D2500432A6B /* LoginVK.storyboard */ = {isa = PBXFileReference; lastKnownFileType = file.storyboard; path = LoginVK.storyboard; sourceTree = "<group>"; };
		B4B76D6E23054D5300432A6B /* LoginVK.swift */ = {isa = PBXFileReference; lastKnownFileType = sourcecode.swift; path = LoginVK.swift; sourceTree = "<group>"; };
		B4CB9793230938A300B31527 /* NetworkService.swift */ = {isa = PBXFileReference; lastKnownFileType = sourcecode.swift; path = NetworkService.swift; sourceTree = "<group>"; };
		B4CB9795230D799600B31527 /* WebKit.framework */ = {isa = PBXFileReference; lastKnownFileType = wrapper.framework; name = WebKit.framework; path = System/Library/Frameworks/WebKit.framework; sourceTree = SDKROOT; };
		B4CB97972312750400B31527 /* Photo.swift */ = {isa = PBXFileReference; lastKnownFileType = sourcecode.swift; path = Photo.swift; sourceTree = "<group>"; };
		B4CB9799231A481C00B31527 /* RealmProvider.swift */ = {isa = PBXFileReference; fileEncoding = 4; lastKnownFileType = sourcecode.swift; path = RealmProvider.swift; sourceTree = "<group>"; };
		B4CB979C231E4C9C00B31527 /* UIViewController+Ext.swift */ = {isa = PBXFileReference; fileEncoding = 4; lastKnownFileType = sourcecode.swift; path = "UIViewController+Ext.swift"; sourceTree = "<group>"; };
		B4CB979F231E51E500B31527 /* UITableView+Ext.swift */ = {isa = PBXFileReference; fileEncoding = 4; lastKnownFileType = sourcecode.swift; path = "UITableView+Ext.swift"; sourceTree = "<group>"; };
		B4CB97A12324E51100B31527 /* GoogleService-Info.plist */ = {isa = PBXFileReference; fileEncoding = 4; lastKnownFileType = text.plist.xml; path = "GoogleService-Info.plist"; sourceTree = "<group>"; };
		B4F38D6822E74ED3006210F3 /* NewsTableView.swift */ = {isa = PBXFileReference; lastKnownFileType = sourcecode.swift; name = NewsTableView.swift; path = VKapp/Controllers/NewsTableView.swift; sourceTree = SOURCE_ROOT; };
		CBC18D0088BC5CF49B2EF79C /* Pods_VKapp.framework */ = {isa = PBXFileReference; explicitFileType = wrapper.framework; includeInIndex = 0; path = Pods_VKapp.framework; sourceTree = BUILT_PRODUCTS_DIR; };
/* End PBXFileReference section */

/* Begin PBXFrameworksBuildPhase section */
		B4AE9AC522C49DE30005822D /* Frameworks */ = {
			isa = PBXFrameworksBuildPhase;
			buildActionMask = 2147483647;
			files = (
				B4CB9796230D799600B31527 /* WebKit.framework in Frameworks */,
				2FBE755127C2518B57DBFBEA /* Pods_VKapp.framework in Frameworks */,
			);
			runOnlyForDeploymentPostprocessing = 0;
		};
/* End PBXFrameworksBuildPhase section */

/* Begin PBXGroup section */
		190337B3145F3AEF4A40CE9A /* Pods */ = {
			isa = PBXGroup;
			children = (
				76986B89455EB44E9EBB10EA /* Pods-VKapp.debug.xcconfig */,
				19B27BC74F4A9EF9EAE353A8 /* Pods-VKapp.release.xcconfig */,
			);
			path = Pods;
			sourceTree = "<group>";
		};
		B41CF42F22E0589800CD50C5 /* CustomViews */ = {
			isa = PBXGroup;
			children = (
				B455572822ECEF1B0024BA97 /* LayoutForCollection.swift */,
				B455572622ECBF5B0024BA97 /* ImagesInsideNews.swift */,
				B41CF43822E05AAF00CD50C5 /* GradientForViews.swift */,
				B41CF43022E0597200CD50C5 /* AvatarImage.swift */,
				B499CF3A22DF442800EE232E /* CollectionImage.swift */,
				B41CF43222E0598100CD50C5 /* AvatarBackShadow.swift */,
				B41E0AD722FAC5AA0046527F /* AnimatedLoadings.swift */,
				B41E0AD922FAC96A0046527F /* ScaleUpAnimator.swift */,
			);
			path = CustomViews;
			sourceTree = "<group>";
		};
		B43F758C22D0D4D10012DBCC /* StoryBoards */ = {
			isa = PBXGroup;
			children = (
				B48C385F22CCBE70001D9232 /* Main.storyboard */,
				B41CF43E22E4AEA400CD50C5 /* inside.storyboard */,
				B4AE9AD422C49DE50005822D /* LaunchScreen.storyboard */,
				B4B76D6C23054D2500432A6B /* LoginVK.storyboard */,
			);
			path = StoryBoards;
			sourceTree = "<group>";
		};
		B43F758D22D0D4EB0012DBCC /* Controllers */ = {
			isa = PBXGroup;
			children = (
				B470FC9C22F4348000C15FEB /* CustomNavShow+Back.swift */,
				B4F38D6822E74ED3006210F3 /* NewsTableView.swift */,
				B4AE9ACD22C49DE30005822D /* LoginControllerView.swift */,
				B41543B422CF58560056B2DC /* FriendsTableView.swift */,
				B499CF3C22DF550B00EE232E /* SelectedImageView.swift */,
				B470FC9A22F432C000C15FEB /* CustomNavigationController.swift */,
				B41543B622CFDA5B0056B2DC /* GroupsTableView.swift */,
				B41543B822D082FF0056B2DC /* UserGroupsTableView.swift */,
				B41543BC22D0898C0056B2DC /* UserImagesView.swift */,
				B4B76D6E23054D5300432A6B /* LoginVK.swift */,
			);
			path = Controllers;
			sourceTree = "<group>";
		};
		B43F758E22D0D50A0012DBCC /* Cells */ = {
			isa = PBXGroup;
			children = (
				B41CF43A22E0684600CD50C5 /* MainTableCell.swift */,
				B4A9BCE222EB866100A43CAF /* NewsCell.swift */,
				B4A9BCE322EB866100A43CAF /* NewsCell.xib */,
				B41CF43B22E0684600CD50C5 /* MainTableCell.xib */,
				B41543BA22D089560056B2DC /* CollectionCell.swift */,
			);
			path = Cells;
			sourceTree = "<group>";
		};
		B43F758F22D0D5190012DBCC /* View */ = {
			isa = PBXGroup;
			children = (
				B4AE9AD222C49DE50005822D /* Assets.xcassets */,
				B43F758C22D0D4D10012DBCC /* StoryBoards */,
				B43F758E22D0D50A0012DBCC /* Cells */,
				B41CF42F22E0589800CD50C5 /* CustomViews */,
			);
			path = View;
			sourceTree = "<group>";
		};
		B43F759022D0D5220012DBCC /* Models */ = {
			isa = PBXGroup;
			children = (
				B41543BE22D08EB80056B2DC /* User.swift */,
				B4CB97972312750400B31527 /* Photo.swift */,
				B403ADB422FEDB0800254E26 /* Session.swift */,
				B41543C022D08F210056B2DC /* Group.swift */,
				B4A9BCE022EB7E9300A43CAF /* News.swift */,
			);
			path = Models;
			sourceTree = "<group>";
		};
		B4AE9ABF22C49DE30005822D = {
			isa = PBXGroup;
			children = (
				B4AE9ACA22C49DE30005822D /* VKapp */,
				B4AE9AC922C49DE30005822D /* Products */,
				190337B3145F3AEF4A40CE9A /* Pods */,
				EEFF912AAAC9ABDED96ABE55 /* Frameworks */,
			);
			sourceTree = "<group>";
		};
		B4AE9AC922C49DE30005822D /* Products */ = {
			isa = PBXGroup;
			children = (
				B4AE9AC822C49DE30005822D /* VKapp.app */,
			);
			name = Products;
			sourceTree = "<group>";
		};
		B4AE9ACA22C49DE30005822D /* VKapp */ = {
			isa = PBXGroup;
			children = (
				B4AE9ACB22C49DE30005822D /* AppDelegate.swift */,
				B4CB979E231E4CA600B31527 /* Extensions */,
				B4CB979B231A483B00B31527 /* Services */,
				B43F759022D0D5220012DBCC /* Models */,
				B43F758F22D0D5190012DBCC /* View */,
				B43F758D22D0D4EB0012DBCC /* Controllers */,
				B4AE9AD722C49DE50005822D /* Info.plist */,
				B4CB97A12324E51100B31527 /* GoogleService-Info.plist */,
			);
			path = VKapp;
			sourceTree = "<group>";
		};
		B4CB979B231A483B00B31527 /* Services */ = {
			isa = PBXGroup;
			children = (
				B4CB9799231A481C00B31527 /* RealmProvider.swift */,
				B4CB9793230938A300B31527 /* NetworkService.swift */,
			);
			path = Services;
			sourceTree = "<group>";
		};
		B4CB979E231E4CA600B31527 /* Extensions */ = {
			isa = PBXGroup;
			children = (
				B4CB979C231E4C9C00B31527 /* UIViewController+Ext.swift */,
				B48B34862324F87500804DF3 /* String+Ext.swift */,
				B48B348823250BFA00804DF3 /* Date+Ext.swift */,
				B4CB979F231E51E500B31527 /* UITableView+Ext.swift */,
			);
			path = Extensions;
			sourceTree = "<group>";
		};
		EEFF912AAAC9ABDED96ABE55 /* Frameworks */ = {
			isa = PBXGroup;
			children = (
				B4CB9795230D799600B31527 /* WebKit.framework */,
				CBC18D0088BC5CF49B2EF79C /* Pods_VKapp.framework */,
			);
			name = Frameworks;
			sourceTree = "<group>";
		};
/* End PBXGroup section */

/* Begin PBXNativeTarget section */
		B4AE9AC722C49DE30005822D /* VKapp */ = {
			isa = PBXNativeTarget;
			buildConfigurationList = B4AE9ADA22C49DE50005822D /* Build configuration list for PBXNativeTarget "VKapp" */;
			buildPhases = (
				AD29112718C1980C9E719756 /* [CP] Check Pods Manifest.lock */,
				B4AE9AC422C49DE30005822D /* Sources */,
				B4AE9AC522C49DE30005822D /* Frameworks */,
				B4AE9AC622C49DE30005822D /* Resources */,
				B145CFFBAA547A0256CFE542 /* [CP] Embed Pods Frameworks */,
			);
			buildRules = (
			);
			dependencies = (
			);
			name = VKapp;
			productName = VKapp;
			productReference = B4AE9AC822C49DE30005822D /* VKapp.app */;
			productType = "com.apple.product-type.application";
		};
/* End PBXNativeTarget section */

/* Begin PBXProject section */
		B4AE9AC022C49DE30005822D /* Project object */ = {
			isa = PBXProject;
			attributes = {
				LastSwiftUpdateCheck = 1010;
				LastUpgradeCheck = 1010;
				ORGANIZATIONNAME = "Юрий Султанов";
				TargetAttributes = {
					B4AE9AC722C49DE30005822D = {
						CreatedOnToolsVersion = 10.1;
					};
				};
			};
			buildConfigurationList = B4AE9AC322C49DE30005822D /* Build configuration list for PBXProject "VKapp" */;
			compatibilityVersion = "Xcode 9.3";
			developmentRegion = en;
			hasScannedForEncodings = 0;
			knownRegions = (
				en,
				Base,
			);
			mainGroup = B4AE9ABF22C49DE30005822D;
			productRefGroup = B4AE9AC922C49DE30005822D /* Products */;
			projectDirPath = "";
			projectRoot = "";
			targets = (
				B4AE9AC722C49DE30005822D /* VKapp */,
			);
		};
/* End PBXProject section */

/* Begin PBXResourcesBuildPhase section */
		B4AE9AC622C49DE30005822D /* Resources */ = {
			isa = PBXResourcesBuildPhase;
			buildActionMask = 2147483647;
			files = (
				B4A9BCE522EB866100A43CAF /* NewsCell.xib in Resources */,
				B4CB97A22324E51100B31527 /* GoogleService-Info.plist in Resources */,
				B4B76D6D23054D2500432A6B /* LoginVK.storyboard in Resources */,
				B41CF43F22E4AEA400CD50C5 /* inside.storyboard in Resources */,
				B41CF43D22E0684600CD50C5 /* MainTableCell.xib in Resources */,
				B48C386122CCBE70001D9232 /* Main.storyboard in Resources */,
				B4AE9AD622C49DE50005822D /* LaunchScreen.storyboard in Resources */,
				B4AE9AD322C49DE50005822D /* Assets.xcassets in Resources */,
			);
			runOnlyForDeploymentPostprocessing = 0;
		};
/* End PBXResourcesBuildPhase section */

/* Begin PBXShellScriptBuildPhase section */
		AD29112718C1980C9E719756 /* [CP] Check Pods Manifest.lock */ = {
			isa = PBXShellScriptBuildPhase;
			buildActionMask = 2147483647;
			files = (
			);
			inputFileListPaths = (
			);
			inputPaths = (
				"${PODS_PODFILE_DIR_PATH}/Podfile.lock",
				"${PODS_ROOT}/Manifest.lock",
			);
			name = "[CP] Check Pods Manifest.lock";
			outputFileListPaths = (
			);
			outputPaths = (
				"$(DERIVED_FILE_DIR)/Pods-VKapp-checkManifestLockResult.txt",
			);
			runOnlyForDeploymentPostprocessing = 0;
			shellPath = /bin/sh;
			shellScript = "diff \"${PODS_PODFILE_DIR_PATH}/Podfile.lock\" \"${PODS_ROOT}/Manifest.lock\" > /dev/null\nif [ $? != 0 ] ; then\n    # print error to STDERR\n    echo \"error: The sandbox is not in sync with the Podfile.lock. Run 'pod install' or update your CocoaPods installation.\" >&2\n    exit 1\nfi\n# This output is used by Xcode 'outputs' to avoid re-running this script phase.\necho \"SUCCESS\" > \"${SCRIPT_OUTPUT_FILE_0}\"\n";
			showEnvVarsInLog = 0;
		};
		B145CFFBAA547A0256CFE542 /* [CP] Embed Pods Frameworks */ = {
			isa = PBXShellScriptBuildPhase;
			buildActionMask = 2147483647;
			files = (
			);
			inputFileListPaths = (
				"${PODS_ROOT}/Target Support Files/Pods-VKapp/Pods-VKapp-frameworks-${CONFIGURATION}-input-files.xcfilelist",
			);
			name = "[CP] Embed Pods Frameworks";
			outputFileListPaths = (
				"${PODS_ROOT}/Target Support Files/Pods-VKapp/Pods-VKapp-frameworks-${CONFIGURATION}-output-files.xcfilelist",
			);
			runOnlyForDeploymentPostprocessing = 0;
			shellPath = /bin/sh;
			shellScript = "\"${PODS_ROOT}/Target Support Files/Pods-VKapp/Pods-VKapp-frameworks.sh\"\n";
			showEnvVarsInLog = 0;
		};
/* End PBXShellScriptBuildPhase section */

/* Begin PBXSourcesBuildPhase section */
		B4AE9AC422C49DE30005822D /* Sources */ = {
			isa = PBXSourcesBuildPhase;
			buildActionMask = 2147483647;
			files = (
				B4CB97982312750400B31527 /* Photo.swift in Sources */,
				B4B76D6F23054D5300432A6B /* LoginVK.swift in Sources */,
				B4CB979D231E4C9C00B31527 /* UIViewController+Ext.swift in Sources */,
				B41E0ADA22FAC96A0046527F /* ScaleUpAnimator.swift in Sources */,
				B41543B522CF58560056B2DC /* FriendsTableView.swift in Sources */,
				B48B34872324F87500804DF3 /* String+Ext.swift in Sources */,
				B48B348923250BFA00804DF3 /* Date+Ext.swift in Sources */,
				B41CF43122E0597200CD50C5 /* AvatarImage.swift in Sources */,
				B4F38D6922E74ED3006210F3 /* NewsTableView.swift in Sources */,
				B41CF43322E0598100CD50C5 /* AvatarBackShadow.swift in Sources */,
				B4CB979A231A481D00B31527 /* RealmProvider.swift in Sources */,
				B4AE9ACE22C49DE30005822D /* LoginControllerView.swift in Sources */,
				B41E0AD822FAC5AA0046527F /* AnimatedLoadings.swift in Sources */,
				B41CF43922E05AAF00CD50C5 /* GradientForViews.swift in Sources */,
				B4CB97A0231E51E600B31527 /* UITableView+Ext.swift in Sources */,
				B41543C122D08F210056B2DC /* Group.swift in Sources */,
				B470FC9D22F4348000C15FEB /* CustomNavShow+Back.swift in Sources */,
				B499CF3D22DF550B00EE232E /* SelectedImageView.swift in Sources */,
				B41543BB22D089560056B2DC /* CollectionCell.swift in Sources */,
				B41543BD22D0898C0056B2DC /* UserImagesView.swift in Sources */,
				B470FC9B22F432C000C15FEB /* CustomNavigationController.swift in Sources */,
				B455572922ECEF1B0024BA97 /* LayoutForCollection.swift in Sources */,
				B4A9BCE422EB866100A43CAF /* NewsCell.swift in Sources */,
				B455572722ECBF5B0024BA97 /* ImagesInsideNews.swift in Sources */,
				B41543BF22D08EB80056B2DC /* User.swift in Sources */,
				B41CF43C22E0684600CD50C5 /* MainTableCell.swift in Sources */,
				B4AE9ACC22C49DE30005822D /* AppDelegate.swift in Sources */,
				B4CB9794230938A300B31527 /* NetworkService.swift in Sources */,
				B403ADB522FEDB0800254E26 /* Session.swift in Sources */,
				B41543B722CFDA5B0056B2DC /* GroupsTableView.swift in Sources */,
				B4A9BCE122EB7E9300A43CAF /* News.swift in Sources */,
				B41543B922D082FF0056B2DC /* UserGroupsTableView.swift in Sources */,
				B499CF3B22DF442800EE232E /* CollectionImage.swift in Sources */,
			);
			runOnlyForDeploymentPostprocessing = 0;
		};
/* End PBXSourcesBuildPhase section */

/* Begin PBXVariantGroup section */
		B48C385F22CCBE70001D9232 /* Main.storyboard */ = {
			isa = PBXVariantGroup;
			children = (
				B48C386022CCBE70001D9232 /* Base */,
			);
			name = Main.storyboard;
			sourceTree = "<group>";
		};
		B4AE9AD422C49DE50005822D /* LaunchScreen.storyboard */ = {
			isa = PBXVariantGroup;
			children = (
				B4AE9AD522C49DE50005822D /* Base */,
			);
			name = LaunchScreen.storyboard;
			sourceTree = "<group>";
		};
/* End PBXVariantGroup section */

/* Begin XCBuildConfiguration section */
		B4AE9AD822C49DE50005822D /* Debug */ = {
			isa = XCBuildConfiguration;
			buildSettings = {
				ALWAYS_SEARCH_USER_PATHS = NO;
				CLANG_ANALYZER_NONNULL = YES;
				CLANG_ANALYZER_NUMBER_OBJECT_CONVERSION = YES_AGGRESSIVE;
				CLANG_CXX_LANGUAGE_STANDARD = "gnu++14";
				CLANG_CXX_LIBRARY = "libc++";
				CLANG_ENABLE_MODULES = YES;
				CLANG_ENABLE_OBJC_ARC = YES;
				CLANG_ENABLE_OBJC_WEAK = YES;
				CLANG_WARN_BLOCK_CAPTURE_AUTORELEASING = YES;
				CLANG_WARN_BOOL_CONVERSION = YES;
				CLANG_WARN_COMMA = YES;
				CLANG_WARN_CONSTANT_CONVERSION = YES;
				CLANG_WARN_DEPRECATED_OBJC_IMPLEMENTATIONS = YES;
				CLANG_WARN_DIRECT_OBJC_ISA_USAGE = YES_ERROR;
				CLANG_WARN_DOCUMENTATION_COMMENTS = YES;
				CLANG_WARN_EMPTY_BODY = YES;
				CLANG_WARN_ENUM_CONVERSION = YES;
				CLANG_WARN_INFINITE_RECURSION = YES;
				CLANG_WARN_INT_CONVERSION = YES;
				CLANG_WARN_NON_LITERAL_NULL_CONVERSION = YES;
				CLANG_WARN_OBJC_IMPLICIT_RETAIN_SELF = YES;
				CLANG_WARN_OBJC_LITERAL_CONVERSION = YES;
				CLANG_WARN_OBJC_ROOT_CLASS = YES_ERROR;
				CLANG_WARN_RANGE_LOOP_ANALYSIS = YES;
				CLANG_WARN_STRICT_PROTOTYPES = YES;
				CLANG_WARN_SUSPICIOUS_MOVE = YES;
				CLANG_WARN_UNGUARDED_AVAILABILITY = YES_AGGRESSIVE;
				CLANG_WARN_UNREACHABLE_CODE = YES;
				CLANG_WARN__DUPLICATE_METHOD_MATCH = YES;
				CODE_SIGN_IDENTITY = "iPhone Developer";
				COPY_PHASE_STRIP = NO;
				DEBUG_INFORMATION_FORMAT = dwarf;
				ENABLE_STRICT_OBJC_MSGSEND = YES;
				ENABLE_TESTABILITY = YES;
				GCC_C_LANGUAGE_STANDARD = gnu11;
				GCC_DYNAMIC_NO_PIC = NO;
				GCC_NO_COMMON_BLOCKS = YES;
				GCC_OPTIMIZATION_LEVEL = 0;
				GCC_PREPROCESSOR_DEFINITIONS = (
					"DEBUG=1",
					"$(inherited)",
				);
				GCC_WARN_64_TO_32_BIT_CONVERSION = YES;
				GCC_WARN_ABOUT_RETURN_TYPE = YES_ERROR;
				GCC_WARN_UNDECLARED_SELECTOR = YES;
				GCC_WARN_UNINITIALIZED_AUTOS = YES_AGGRESSIVE;
				GCC_WARN_UNUSED_FUNCTION = YES;
				GCC_WARN_UNUSED_VARIABLE = YES;
				IPHONEOS_DEPLOYMENT_TARGET = 12.1;
				MTL_ENABLE_DEBUG_INFO = INCLUDE_SOURCE;
				MTL_FAST_MATH = YES;
				ONLY_ACTIVE_ARCH = YES;
				SDKROOT = iphoneos;
				SWIFT_ACTIVE_COMPILATION_CONDITIONS = DEBUG;
				SWIFT_OPTIMIZATION_LEVEL = "-Onone";
			};
			name = Debug;
		};
		B4AE9AD922C49DE50005822D /* Release */ = {
			isa = XCBuildConfiguration;
			buildSettings = {
				ALWAYS_SEARCH_USER_PATHS = NO;
				CLANG_ANALYZER_NONNULL = YES;
				CLANG_ANALYZER_NUMBER_OBJECT_CONVERSION = YES_AGGRESSIVE;
				CLANG_CXX_LANGUAGE_STANDARD = "gnu++14";
				CLANG_CXX_LIBRARY = "libc++";
				CLANG_ENABLE_MODULES = YES;
				CLANG_ENABLE_OBJC_ARC = YES;
				CLANG_ENABLE_OBJC_WEAK = YES;
				CLANG_WARN_BLOCK_CAPTURE_AUTORELEASING = YES;
				CLANG_WARN_BOOL_CONVERSION = YES;
				CLANG_WARN_COMMA = YES;
				CLANG_WARN_CONSTANT_CONVERSION = YES;
				CLANG_WARN_DEPRECATED_OBJC_IMPLEMENTATIONS = YES;
				CLANG_WARN_DIRECT_OBJC_ISA_USAGE = YES_ERROR;
				CLANG_WARN_DOCUMENTATION_COMMENTS = YES;
				CLANG_WARN_EMPTY_BODY = YES;
				CLANG_WARN_ENUM_CONVERSION = YES;
				CLANG_WARN_INFINITE_RECURSION = YES;
				CLANG_WARN_INT_CONVERSION = YES;
				CLANG_WARN_NON_LITERAL_NULL_CONVERSION = YES;
				CLANG_WARN_OBJC_IMPLICIT_RETAIN_SELF = YES;
				CLANG_WARN_OBJC_LITERAL_CONVERSION = YES;
				CLANG_WARN_OBJC_ROOT_CLASS = YES_ERROR;
				CLANG_WARN_RANGE_LOOP_ANALYSIS = YES;
				CLANG_WARN_STRICT_PROTOTYPES = YES;
				CLANG_WARN_SUSPICIOUS_MOVE = YES;
				CLANG_WARN_UNGUARDED_AVAILABILITY = YES_AGGRESSIVE;
				CLANG_WARN_UNREACHABLE_CODE = YES;
				CLANG_WARN__DUPLICATE_METHOD_MATCH = YES;
				CODE_SIGN_IDENTITY = "iPhone Developer";
				COPY_PHASE_STRIP = NO;
				DEBUG_INFORMATION_FORMAT = "dwarf-with-dsym";
				ENABLE_NS_ASSERTIONS = NO;
				ENABLE_STRICT_OBJC_MSGSEND = YES;
				GCC_C_LANGUAGE_STANDARD = gnu11;
				GCC_NO_COMMON_BLOCKS = YES;
				GCC_WARN_64_TO_32_BIT_CONVERSION = YES;
				GCC_WARN_ABOUT_RETURN_TYPE = YES_ERROR;
				GCC_WARN_UNDECLARED_SELECTOR = YES;
				GCC_WARN_UNINITIALIZED_AUTOS = YES_AGGRESSIVE;
				GCC_WARN_UNUSED_FUNCTION = YES;
				GCC_WARN_UNUSED_VARIABLE = YES;
				IPHONEOS_DEPLOYMENT_TARGET = 12.1;
				MTL_ENABLE_DEBUG_INFO = NO;
				MTL_FAST_MATH = YES;
				SDKROOT = iphoneos;
				SWIFT_COMPILATION_MODE = wholemodule;
				SWIFT_OPTIMIZATION_LEVEL = "-O";
				VALIDATE_PRODUCT = YES;
			};
			name = Release;
		};
		B4AE9ADB22C49DE50005822D /* Debug */ = {
			isa = XCBuildConfiguration;
			baseConfigurationReference = 76986B89455EB44E9EBB10EA /* Pods-VKapp.debug.xcconfig */;
			buildSettings = {
				ASSETCATALOG_COMPILER_APPICON_NAME = AppIcon;
				CODE_SIGN_STYLE = Automatic;
				DEVELOPMENT_TEAM = 43GGPVXW3Y;
				INFOPLIST_FILE = VKapp/Info.plist;
				LD_RUNPATH_SEARCH_PATHS = (
					"$(inherited)",
					"@executable_path/Frameworks",
				);
				PRODUCT_BUNDLE_IDENTIFIER = YS.VKapp;
				PRODUCT_NAME = "$(TARGET_NAME)";
				SWIFT_VERSION = 4.2;
				TARGETED_DEVICE_FAMILY = "1,2";
			};
			name = Debug;
		};
		B4AE9ADC22C49DE50005822D /* Release */ = {
			isa = XCBuildConfiguration;
			baseConfigurationReference = 19B27BC74F4A9EF9EAE353A8 /* Pods-VKapp.release.xcconfig */;
			buildSettings = {
				ASSETCATALOG_COMPILER_APPICON_NAME = AppIcon;
				CODE_SIGN_STYLE = Automatic;
				DEVELOPMENT_TEAM = 43GGPVXW3Y;
				INFOPLIST_FILE = VKapp/Info.plist;
				LD_RUNPATH_SEARCH_PATHS = (
					"$(inherited)",
					"@executable_path/Frameworks",
				);
				PRODUCT_BUNDLE_IDENTIFIER = YS.VKapp;
				PRODUCT_NAME = "$(TARGET_NAME)";
				SWIFT_VERSION = 4.2;
				TARGETED_DEVICE_FAMILY = "1,2";
			};
			name = Release;
		};
/* End XCBuildConfiguration section */

/* Begin XCConfigurationList section */
		B4AE9AC322C49DE30005822D /* Build configuration list for PBXProject "VKapp" */ = {
			isa = XCConfigurationList;
			buildConfigurations = (
				B4AE9AD822C49DE50005822D /* Debug */,
				B4AE9AD922C49DE50005822D /* Release */,
			);
			defaultConfigurationIsVisible = 0;
			defaultConfigurationName = Release;
		};
		B4AE9ADA22C49DE50005822D /* Build configuration list for PBXNativeTarget "VKapp" */ = {
			isa = XCConfigurationList;
			buildConfigurations = (
				B4AE9ADB22C49DE50005822D /* Debug */,
				B4AE9ADC22C49DE50005822D /* Release */,
			);
			defaultConfigurationIsVisible = 0;
			defaultConfigurationName = Release;
		};
/* End XCConfigurationList section */
	};
	rootObject = B4AE9AC022C49DE30005822D /* Project object */;
}
